# Clock constraints
create_clock -name CLOCK_50 -period 20.000 [get_ports CLOCK_50]

# Clock uncertainty
set_clock_uncertainty -to CLOCK_50 -setup 0.500
set_clock_uncertainty -to CLOCK_50 -hold 0.200

# Input delays (excluding clock)
set_input_delay -clock CLOCK_50 -max 5.000 [get_ports {UART_RXD PS2_CLK PS2_DAT IRDA_RXD KEY[*] SDRAM_DQ[*] I2C_SDA SDA}]
set_input_delay -clock CLOCK_50 -min 1.000 [get_ports {UART_RXD PS2_CLK PS2_DAT IRDA_RXD KEY[*] SDRAM_DQ[*] I2C_SDA SDA}]

# Output delays (grouped by timing requirements)
# General outputs
set_output_delay -clock CLOCK_50 -max 5.000 [get_ports {LEDG[*] SEG[*] DIG[*] BEEP UART_TXD SCL I2C_SCL VGA_* LCD_*}]
set_output_delay -clock CLOCK_50 -min 1.000 [get_ports {LEDG[*] SEG[*] DIG[*] BEEP UART_TXD SCL I2C_SCL VGA_* LCD_*}]

# SDRAM control signals (tighter constraints)
set_output_delay -clock CLOCK_50 -max 6.500 [get_ports {SDRAM_A[*] SDRAM_BS0 SDRAM_BS1 SDRAM_LDQM SDRAM_UDQM SDRAM_CKE SDRAM_CS SDRAM_RAS SDRAM_CAS SDRAM_WE}]
set_output_delay -clock CLOCK_50 -min -1.500 [get_ports {SDRAM_A[*] SDRAM_BS0 SDRAM_BS1 SDRAM_LDQM SDRAM_UDQM SDRAM_CKE SDRAM_CS SDRAM_RAS SDRAM_CAS SDRAM_WE}]

# SDRAM data output
set_output_delay -clock CLOCK_50 -max 6.500 [get_ports SDRAM_DQ[*]]
set_output_delay -clock CLOCK_50 -min -1.500 [get_ports SDRAM_DQ[*]]

# SDRAM clock output (special handling)
set_output_delay -clock CLOCK_50 -max 8.000 [get_ports SDRAM_CLK]
set_output_delay -clock CLOCK_50 -min -2.000 [get_ports SDRAM_CLK]

# False paths
set_false_path -from [get_ports {UART_RXD PS2_CLK PS2_DAT IRDA_RXD KEY[*]}]
set_false_path -to [get_ports {LEDG[*] SEG[*] DIG[*] BEEP UART_TXD SCL I2C_SCL VGA_* LCD_*}]

# Multicycle paths for SDRAM controller (using hierarchical paths)
set_multicycle_path -setup 4 -to [get_registers {sdram_interface:*|state_reg*}]
set_multicycle_path -hold 3 -to [get_registers {sdram_interface:*|state_reg*}]

# Critical path constraints
set_max_delay -from [get_clocks CLOCK_50] -to [get_registers {sdram_interface:*|state_reg*}] 15.000

# Critical path optimization
set_instance_assignment -name FAST_OUTPUT_REGISTER ON -to SDRAM_CLK
set_instance_assignment -name FAST_OUTPUT_ENABLE_REGISTER ON -to SDRAM_DQ[*]
set_instance_assignment -name FAST_OUTPUT_REGISTER ON -to SDRAM_A[*]
set_instance_assignment -name FAST_OUTPUT_REGISTER ON -to SDRAM_*

# Placement constraints
set_instance_assignment -name IO_STANDARD "3.3-V LVTTL" -to SDRAM_*
set_instance_assignment -name CURRENT_STRENGTH_NEW "MAXIMUM CURRENT" -to SDRAM_*
set_instance_assignment -name SLEW_RATE 1 -to SDRAM_*

# Timing-driven compilation
set_global_assignment -name OPTIMIZATION_MODE "AGGRESSIVE PERFORMANCE"
set_global_assignment -name PHYSICAL_SYNTHESIS_COMBO_LOGIC_FOR_AREA OFF
set_global_assignment -name PHYSICAL_SYNTHESIS_REGISTER_RETIMING OFF
set_global_assignment -name ROUTER_CLOCKING_TOPOLOGY_ANALYSIS ON

# Preserve registers
set_instance_assignment -name PRESERVE_REGISTER ON -to "*state_reg*"